// !$*UTF8*$!
{
	archiveVersion = 1;
	classes = {
	};
	objectVersion = 45;
	objects = {

/* Begin PBXBuildFile section */
		75359DCD127598A600614700 /* JSTabButton.h in Headers */ = {isa = PBXBuildFile; fileRef = 75359DC7127598A600614700 /* JSTabButton.h */; };
		75359DCE127598A600614700 /* JSTabButton.m in Sources */ = {isa = PBXBuildFile; fileRef = 75359DC8127598A600614700 /* JSTabButton.m */; };
		75359DCF127598A600614700 /* JSScrollableTabBar.h in Headers */ = {isa = PBXBuildFile; fileRef = 75359DC9127598A600614700 /* JSScrollableTabBar.h */; };
		75359DD0127598A600614700 /* JSScrollableTabBar.m in Sources */ = {isa = PBXBuildFile; fileRef = 75359DCA127598A600614700 /* JSScrollableTabBar.m */; };
		75359DD1127598A600614700 /* JSTabItem.h in Headers */ = {isa = PBXBuildFile; fileRef = 75359DCB127598A600614700 /* JSTabItem.h */; };
		75359DD2127598A600614700 /* JSTabItem.m in Sources */ = {isa = PBXBuildFile; fileRef = 75359DCC127598A600614700 /* JSTabItem.m */; };
		75359DF61275999100614700 /* CoreGraphics.framework in Frameworks */ = {isa = PBXBuildFile; fileRef = 75359DF51275999100614700 /* CoreGraphics.framework */; };
		75359DF81275999100614700 /* QuartzCore.framework in Frameworks */ = {isa = PBXBuildFile; fileRef = 75359DF71275999100614700 /* QuartzCore.framework */; };
		75359DFA1275999100614700 /* UIKit.framework in Frameworks */ = {isa = PBXBuildFile; fileRef = 75359DF91275999100614700 /* UIKit.framework */; };
		75C940121275D32D000B6F2F /* UIImage+JSRetinaAdditions.h in Headers */ = {isa = PBXBuildFile; fileRef = 75C940101275D32D000B6F2F /* UIImage+JSRetinaAdditions.h */; };
		75C940131275D32D000B6F2F /* UIImage+JSRetinaAdditions.m in Sources */ = {isa = PBXBuildFile; fileRef = 75C940111275D32D000B6F2F /* UIImage+JSRetinaAdditions.m */; };
		AA747D9F0F9514B9006C5449 /* JSScrollableTabBar_Prefix.pch in Headers */ = {isa = PBXBuildFile; fileRef = AA747D9E0F9514B9006C5449 /* JSScrollableTabBar_Prefix.pch */; };
		AACBBE4A0F95108600F1A2B1 /* Foundation.framework in Frameworks */ = {isa = PBXBuildFile; fileRef = AACBBE490F95108600F1A2B1 /* Foundation.framework */; };
/* End PBXBuildFile section */

/* Begin PBXFileReference section */
		75359DC6127598A600614700 /* images.bundle */ = {isa = PBXFileReference; lastKnownFileType = "wrapper.plug-in"; path = images.bundle; sourceTree = "<group>"; };
		75359DC7127598A600614700 /* JSTabButton.h */ = {isa = PBXFileReference; fileEncoding = 4; lastKnownFileType = sourcecode.c.h; path = JSTabButton.h; sourceTree = "<group>"; };
		75359DC8127598A600614700 /* JSTabButton.m */ = {isa = PBXFileReference; fileEncoding = 4; lastKnownFileType = sourcecode.c.objc; path = JSTabButton.m; sourceTree = "<group>"; };
		75359DC9127598A600614700 /* JSScrollableTabBar.h */ = {isa = PBXFileReference; fileEncoding = 4; lastKnownFileType = sourcecode.c.h; path = JSScrollableTabBar.h; sourceTree = "<group>"; };
		75359DCA127598A600614700 /* JSScrollableTabBar.m */ = {isa = PBXFileReference; fileEncoding = 4; lastKnownFileType = sourcecode.c.objc; path = JSScrollableTabBar.m; sourceTree = "<group>"; };
		75359DCB127598A600614700 /* JSTabItem.h */ = {isa = PBXFileReference; fileEncoding = 4; lastKnownFileType = sourcecode.c.h; path = JSTabItem.h; sourceTree = "<group>"; };
		75359DCC127598A600614700 /* JSTabItem.m */ = {isa = PBXFileReference; fileEncoding = 4; lastKnownFileType = sourcecode.c.objc; path = JSTabItem.m; sourceTree = "<group>"; };
		75359DF51275999100614700 /* CoreGraphics.framework */ = {isa = PBXFileReference; lastKnownFileType = wrapper.framework; name = CoreGraphics.framework; path = System/Library/Frameworks/CoreGraphics.framework; sourceTree = SDKROOT; };
		75359DF71275999100614700 /* QuartzCore.framework */ = {isa = PBXFileReference; lastKnownFileType = wrapper.framework; name = QuartzCore.framework; path = System/Library/Frameworks/QuartzCore.framework; sourceTree = SDKROOT; };
		75359DF91275999100614700 /* UIKit.framework */ = {isa = PBXFileReference; lastKnownFileType = wrapper.framework; name = UIKit.framework; path = System/Library/Frameworks/UIKit.framework; sourceTree = SDKROOT; };
		75C940101275D32D000B6F2F /* UIImage+JSRetinaAdditions.h */ = {isa = PBXFileReference; fileEncoding = 4; lastKnownFileType = sourcecode.c.h; path = "UIImage+JSRetinaAdditions.h"; sourceTree = "<group>"; };
		75C940111275D32D000B6F2F /* UIImage+JSRetinaAdditions.m */ = {isa = PBXFileReference; fileEncoding = 4; lastKnownFileType = sourcecode.c.objc; path = "UIImage+JSRetinaAdditions.m"; sourceTree = "<group>"; };
		AA747D9E0F9514B9006C5449 /* JSScrollableTabBar_Prefix.pch */ = {isa = PBXFileReference; fileEncoding = 4; lastKnownFileType = sourcecode.c.h; path = JSScrollableTabBar_Prefix.pch; sourceTree = SOURCE_ROOT; };
		AACBBE490F95108600F1A2B1 /* Foundation.framework */ = {isa = PBXFileReference; lastKnownFileType = wrapper.framework; name = Foundation.framework; path = System/Library/Frameworks/Foundation.framework; sourceTree = SDKROOT; };
		D2AAC07E0554694100DB518D /* libJSScrollableTabBar.a */ = {isa = PBXFileReference; explicitFileType = archive.ar; includeInIndex = 0; path = libJSScrollableTabBar.a; sourceTree = BUILT_PRODUCTS_DIR; };
/* End PBXFileReference section */

/* Begin PBXFrameworksBuildPhase section */
		D2AAC07C0554694100DB518D /* Frameworks */ = {
			isa = PBXFrameworksBuildPhase;
			buildActionMask = 2147483647;
			files = (
				AACBBE4A0F95108600F1A2B1 /* Foundation.framework in Frameworks */,
				75359DF61275999100614700 /* CoreGraphics.framework in Frameworks */,
				75359DF81275999100614700 /* QuartzCore.framework in Frameworks */,
				75359DFA1275999100614700 /* UIKit.framework in Frameworks */,
			);
			runOnlyForDeploymentPostprocessing = 0;
		};
/* End PBXFrameworksBuildPhase section */

/* Begin PBXGroup section */
		034768DFFF38A50411DB9C8B /* Products */ = {
			isa = PBXGroup;
			children = (
				D2AAC07E0554694100DB518D /* libJSScrollableTabBar.a */,
			);
			name = Products;
			sourceTree = "<group>";
		};
		0867D691FE84028FC02AAC07 /* JSScrollableTabBar */ = {
			isa = PBXGroup;
			children = (
				08FB77AEFE84172EC02AAC07 /* Classes */,
				75359DC6127598A600614700 /* images.bundle */,
				32C88DFF0371C24200C91783 /* Other Sources */,
				0867D69AFE84028FC02AAC07 /* Frameworks */,
				034768DFFF38A50411DB9C8B /* Products */,
			);
			name = JSScrollableTabBar;
			sourceTree = "<group>";
		};
		0867D69AFE84028FC02AAC07 /* Frameworks */ = {
			isa = PBXGroup;
			children = (
				AACBBE490F95108600F1A2B1 /* Foundation.framework */,
				75359DF51275999100614700 /* CoreGraphics.framework */,
				75359DF71275999100614700 /* QuartzCore.framework */,
				75359DF91275999100614700 /* UIKit.framework */,
			);
			name = Frameworks;
			sourceTree = "<group>";
		};
		08FB77AEFE84172EC02AAC07 /* Classes */ = {
			isa = PBXGroup;
			children = (
				75359DC9127598A600614700 /* JSScrollableTabBar.h */,
				75359DCA127598A600614700 /* JSScrollableTabBar.m */,
				75359DCB127598A600614700 /* JSTabItem.h */,
				75359DCC127598A600614700 /* JSTabItem.m */,
				75359DC7127598A600614700 /* JSTabButton.h */,
				75359DC8127598A600614700 /* JSTabButton.m */,
				75C940101275D32D000B6F2F /* UIImage+JSRetinaAdditions.h */,
				75C940111275D32D000B6F2F /* UIImage+JSRetinaAdditions.m */,
			);
			name = Classes;
			sourceTree = "<group>";
		};
		32C88DFF0371C24200C91783 /* Other Sources */ = {
			isa = PBXGroup;
			children = (
				AA747D9E0F9514B9006C5449 /* JSScrollableTabBar_Prefix.pch */,
			);
			name = "Other Sources";
			sourceTree = "<group>";
		};
/* End PBXGroup section */

/* Begin PBXHeadersBuildPhase section */
		D2AAC07A0554694100DB518D /* Headers */ = {
			isa = PBXHeadersBuildPhase;
			buildActionMask = 2147483647;
			files = (
				AA747D9F0F9514B9006C5449 /* JSScrollableTabBar_Prefix.pch in Headers */,
				75359DCD127598A600614700 /* JSTabButton.h in Headers */,
				75359DCF127598A600614700 /* JSScrollableTabBar.h in Headers */,
				75359DD1127598A600614700 /* JSTabItem.h in Headers */,
				75C940121275D32D000B6F2F /* UIImage+JSRetinaAdditions.h in Headers */,
			);
			runOnlyForDeploymentPostprocessing = 0;
		};
/* End PBXHeadersBuildPhase section */

/* Begin PBXNativeTarget section */
		D2AAC07D0554694100DB518D /* JSScrollableTabBar */ = {
			isa = PBXNativeTarget;
			buildConfigurationList = 1DEB921E08733DC00010E9CD /* Build configuration list for PBXNativeTarget "JSScrollableTabBar" */;
			buildPhases = (
				D2AAC07A0554694100DB518D /* Headers */,
				D2AAC07B0554694100DB518D /* Sources */,
				D2AAC07C0554694100DB518D /* Frameworks */,
			);
			buildRules = (
			);
			dependencies = (
			);
			name = JSScrollableTabBar;
			productName = JSScrollableTabBar;
			productReference = D2AAC07E0554694100DB518D /* libJSScrollableTabBar.a */;
			productType = "com.apple.product-type.library.static";
		};
/* End PBXNativeTarget section */

/* Begin PBXProject section */
		0867D690FE84028FC02AAC07 /* Project object */ = {
			isa = PBXProject;
			attributes = {
				ORGANIZATIONNAME = JamSoft;
			};
			buildConfigurationList = 1DEB922208733DC00010E9CD /* Build configuration list for PBXProject "JSScrollableTabBar" */;
			compatibilityVersion = "Xcode 3.1";
			developmentRegion = English;
			hasScannedForEncodings = 1;
			knownRegions = (
				English,
				Japanese,
				French,
				German,
			);
			mainGroup = 0867D691FE84028FC02AAC07 /* JSScrollableTabBar */;
			productRefGroup = 034768DFFF38A50411DB9C8B /* Products */;
			projectDirPath = "";
			projectRoot = "";
			targets = (
				D2AAC07D0554694100DB518D /* JSScrollableTabBar */,
			);
		};
/* End PBXProject section */

/* Begin PBXSourcesBuildPhase section */
		D2AAC07B0554694100DB518D /* Sources */ = {
			isa = PBXSourcesBuildPhase;
			buildActionMask = 2147483647;
			files = (
				75359DCE127598A600614700 /* JSTabButton.m in Sources */,
				75359DD0127598A600614700 /* JSScrollableTabBar.m in Sources */,
				75359DD2127598A600614700 /* JSTabItem.m in Sources */,
				75C940131275D32D000B6F2F /* UIImage+JSRetinaAdditions.m in Sources */,
			);
			runOnlyForDeploymentPostprocessing = 0;
		};
/* End PBXSourcesBuildPhase section */

/* Begin XCBuildConfiguration section */
		1DEB921F08733DC00010E9CD /* Debug */ = {
			isa = XCBuildConfiguration;
			buildSettings = {
				ALWAYS_SEARCH_USER_PATHS = NO;
				ARCHS = "$(ARCHS_STANDARD_32_BIT)";
				COPY_PHASE_STRIP = NO;
				DSTROOT = /tmp/JSScrollableTabBar.dst;
				GCC_DYNAMIC_NO_PIC = NO;
				GCC_ENABLE_FIX_AND_CONTINUE = YES;
				GCC_MODEL_TUNING = G5;
				GCC_OPTIMIZATION_LEVEL = 0;
				GCC_PRECOMPILE_PREFIX_HEADER = YES;
				GCC_PREFIX_HEADER = JSScrollableTabBar_Prefix.pch;
				INSTALL_PATH = /usr/local/lib;
				PRODUCT_NAME = JSScrollableTabBar;
			};
			name = Debug;
		};
		1DEB922008733DC00010E9CD /* Release */ = {
			isa = XCBuildConfiguration;
			buildSettings = {
				ALWAYS_SEARCH_USER_PATHS = NO;
				ARCHS = "$(ARCHS_STANDARD_32_BIT)";
				DSTROOT = /tmp/JSScrollableTabBar.dst;
				GCC_MODEL_TUNING = G5;
				GCC_PRECOMPILE_PREFIX_HEADER = YES;
				GCC_PREFIX_HEADER = JSScrollableTabBar_Prefix.pch;
				INSTALL_PATH = /usr/local/lib;
				PRODUCT_NAME = JSScrollableTabBar;
			};
			name = Release;
		};
		1DEB922308733DC00010E9CD /* Debug */ = {
			isa = XCBuildConfiguration;
			buildSettings = {
				ARCHS = "$(ARCHS_STANDARD_32_BIT)";
				GCC_C_LANGUAGE_STANDARD = c99;
				GCC_OPTIMIZATION_LEVEL = 0;
				GCC_WARN_ABOUT_RETURN_TYPE = YES;
				GCC_WARN_UNUSED_VARIABLE = YES;
				ONLY_ACTIVE_ARCH = YES;
				OTHER_LDFLAGS = "-ObjC";
				PREBINDING = NO;
				SDKROOT = iphoneos4.1;
			};
			name = Debug;
		};
		1DEB922408733DC00010E9CD /* Release */ = {
			isa = XCBuildConfiguration;
			buildSettings = {
				ARCHS = "$(ARCHS_STANDARD_32_BIT)";
				GCC_C_LANGUAGE_STANDARD = c99;
				GCC_WARN_ABOUT_RETURN_TYPE = YES;
				GCC_WARN_UNUSED_VARIABLE = YES;
				OTHER_LDFLAGS = "-ObjC";
				PREBINDING = NO;
				SDKROOT = iphoneos4.1;
			};
			name = Release;
		};
/* End XCBuildConfiguration section */

/* Begin XCConfigurationList section */
		1DEB921E08733DC00010E9CD /* Build configuration list for PBXNativeTarget "JSScrollableTabBar" */ = {
			isa = XCConfigurationList;
			buildConfigurations = (
				1DEB921F08733DC00010E9CD /* Debug */,
				1DEB922008733DC00010E9CD /* Release */,
			);
			defaultConfigurationIsVisible = 0;
			defaultConfigurationName = Release;
		};
		1DEB922208733DC00010E9CD /* Build configuration list for PBXProject "JSScrollableTabBar" */ = {
			isa = XCConfigurationList;
			buildConfigurations = (
				1DEB922308733DC00010E9CD /* Debug */,
				1DEB922408733DC00010E9CD /* Release */,
			);
			defaultConfigurationIsVisible = 0;
			defaultConfigurationName = Release;
		};
/* End XCConfigurationList section */
	};
	rootObject = 0867D690FE84028FC02AAC07 /* Project object */;
}
